
Microsoft Visual Studio Solution File, Format Version 12.00
# Visual Studio 2013
VisualStudioVersion = 12.0.30723.0
MinimumVisualStudioVersion = 10.0.40219.1
Project("{FAE04EC0-301F-11D3-BF4B-00C04F79EFBC}") = "D-graves", "D-graves\D-graves.csproj", "{7CD314A0-2138-4194-BACC-F58FD136679C}"
EndProject
Project("{FAE04EC0-301F-11D3-BF4B-00C04F79EFBC}") = "D-Corki", "D-Corki\D-Corki.csproj", "{1763A84D-62AF-4D9A-8628-64235BF9B062}"
EndProject
Project("{FAE04EC0-301F-11D3-BF4B-00C04F79EFBC}") = "D-Jarvan", "D-Jarvan\D-Jarvan.csproj", "{898C3076-831C-46E7-B004-BCA92FE2699C}"
EndProject
Project("{FAE04EC0-301F-11D3-BF4B-00C04F79EFBC}") = "D-Elise", "D-Elise\D-Elise.csproj", "{466BE24B-1909-4DE2-A870-0BF67BCDE371}"
EndProject
Project("{FAE04EC0-301F-11D3-BF4B-00C04F79EFBC}") = "D-Diana", "D-Diana\D-Diana.csproj", "{C08F10AA-EA7A-41E6-88F0-A257BDC841AB}"
EndProject
Project("{FAE04EC0-301F-11D3-BF4B-00C04F79EFBC}") = "D-Kayle", "D-Kayle\D-Kayle.csproj", "{2CA7FD10-B6F7-45D3-88DF-1C26A05F668D}"
EndProject
Project("{FAE04EC0-301F-11D3-BF4B-00C04F79EFBC}") = "D-Shyvana", "D-Shyvana\D-Shyvana.csproj", "{C367B0F4-1037-4AEB-8351-5A2629CB5380}"
EndProject
Project("{FAE04EC0-301F-11D3-BF4B-00C04F79EFBC}") = "D-Udyr", "D-Udyr\D-Udyr.csproj", "{35AC8C00-276F-4582-A328-650EC07B98C2}"
EndProject
Project("{FAE04EC0-301F-11D3-BF4B-00C04F79EFBC}") = "D-MissF", "D-MissF\D-MissF.csproj", "{3A743EBC-CF7A-4E14-B259-8C5A842B63F2}"
EndProject
Project("{FAE04EC0-301F-11D3-BF4B-00C04F79EFBC}") = "Nidalino", "Nidalino\Nidalino.csproj", "{FB6BA55A-0B41-4F48-94D2-0B7189A6C24E}"
EndProject
Project("{FAE04EC0-301F-11D3-BF4B-00C04F79EFBC}") = "D-LeeSin", "D-LeeSin\D-LeeSin.csproj", "{D308263F-2F3D-4CBA-AD56-DA0066C231DB}"
EndProject
Project("{FAE04EC0-301F-11D3-BF4B-00C04F79EFBC}") = "Trelli-Orianna", "Trelli-Orianna\Trelli-Orianna.csproj", "{6792E7FB-1A8B-4932-A62C-548ABDF4E89E}"
EndProject
Project("{FAE04EC0-301F-11D3-BF4B-00C04F79EFBC}") = "Dev", "Dev\Dev.csproj", "{CB2BAA0B-DA13-45CA-A3A9-CD574151A2AC}"
EndProject
Project("{FAE04EC0-301F-11D3-BF4B-00C04F79EFBC}") = "D-Kogmaw", "D-Kogmaw\D-Kogmaw.csproj", "{9A54B1D3-9116-4D12-AA01-D8535BAD78F5}"
EndProject
Project("{FAE04EC0-301F-11D3-BF4B-00C04F79EFBC}") = "D-Zac", "D-Zac\D-Zac.csproj", "{51AC72EB-C750-4083-B8ED-87D54145F14B}"
EndProject
Project("{FAE04EC0-301F-11D3-BF4B-00C04F79EFBC}") = "Sivir Is Back", "Sivir Is Back\Sivir Is Back.csproj", "{FA5C1409-4589-4852-8FD0-8C992E35D58C}"
EndProject
Project("{FAE04EC0-301F-11D3-BF4B-00C04F79EFBC}") = "D-Zyra", "D-Zyra\D-Zyra.csproj", "{5CD766F7-4981-44B1-8D5E-36DBE31FCE6C}"
EndProject
Project("{FAE04EC0-301F-11D3-BF4B-00C04F79EFBC}") = "D-Akali", "D-Akali\D-Akali.csproj", "{8D536C8F-49A2-4CEA-9C2D-C5FDECF04368}"
EndProject
Project("{FAE04EC0-301F-11D3-BF4B-00C04F79EFBC}") = "D-Warwick", "D-Warwick\D-Warwick.csproj", "{0A166C52-07AF-40C1-B42A-ABBEECABA041}"
EndProject
Project("{FAE04EC0-301F-11D3-BF4B-00C04F79EFBC}") = "D-Tristana", "D-Tristana\D-Tristana.csproj", "{31DBBBB0-B79C-4A9B-82EB-EE43F712AF9F}"
EndProject
Project("{FAE04EC0-301F-11D3-BF4B-00C04F79EFBC}") = "D-Ezreal", "D-Ezreal\D-Ezreal.csproj", "{3ABADE2F-F541-422E-A760-C9E4E58D39E7}"
EndProject
Project("{FAE04EC0-301F-11D3-BF4B-00C04F79EFBC}") = "D-Thresh", "D-Thresh\D-Thresh.csproj", "{22295133-5602-4E12-B99F-77ECCE3C7CF7}"
EndProject
Project("{FAE04EC0-301F-11D3-BF4B-00C04F79EFBC}") = "Dev_helper", "Dev_helper\Dev_helper.csproj", "{B5A45ED9-23D6-4273-A21C-908B85EE5BA6}"
EndProject
Global
	GlobalSection(SolutionConfigurationPlatforms) = preSolution
		Debug|Any CPU = Debug|Any CPU
		Release|Any CPU = Release|Any CPU
	EndGlobalSection
	GlobalSection(ProjectConfigurationPlatforms) = postSolution
		{7CD314A0-2138-4194-BACC-F58FD136679C}.Debug|Any CPU.ActiveCfg = Debug|Any CPU
		{7CD314A0-2138-4194-BACC-F58FD136679C}.Debug|Any CPU.Build.0 = Debug|Any CPU
		{7CD314A0-2138-4194-BACC-F58FD136679C}.Release|Any CPU.ActiveCfg = Release|Any CPU
		{7CD314A0-2138-4194-BACC-F58FD136679C}.Release|Any CPU.Build.0 = Release|Any CPU
		{1763A84D-62AF-4D9A-8628-64235BF9B062}.Debug|Any CPU.ActiveCfg = Debug|Any CPU
		{1763A84D-62AF-4D9A-8628-64235BF9B062}.Debug|Any CPU.Build.0 = Debug|Any CPU
		{1763A84D-62AF-4D9A-8628-64235BF9B062}.Release|Any CPU.ActiveCfg = Release|Any CPU
		{1763A84D-62AF-4D9A-8628-64235BF9B062}.Release|Any CPU.Build.0 = Release|Any CPU
		{898C3076-831C-46E7-B004-BCA92FE2699C}.Debug|Any CPU.ActiveCfg = Debug|Any CPU
		{898C3076-831C-46E7-B004-BCA92FE2699C}.Debug|Any CPU.Build.0 = Debug|Any CPU
		{898C3076-831C-46E7-B004-BCA92FE2699C}.Release|Any CPU.ActiveCfg = Release|Any CPU
		{898C3076-831C-46E7-B004-BCA92FE2699C}.Release|Any CPU.Build.0 = Release|Any CPU
		{466BE24B-1909-4DE2-A870-0BF67BCDE371}.Debug|Any CPU.ActiveCfg = Debug|Any CPU
		{466BE24B-1909-4DE2-A870-0BF67BCDE371}.Debug|Any CPU.Build.0 = Debug|Any CPU
		{466BE24B-1909-4DE2-A870-0BF67BCDE371}.Release|Any CPU.ActiveCfg = Release|Any CPU
		{466BE24B-1909-4DE2-A870-0BF67BCDE371}.Release|Any CPU.Build.0 = Release|Any CPU
		{C08F10AA-EA7A-41E6-88F0-A257BDC841AB}.Debug|Any CPU.ActiveCfg = Debug|Any CPU
		{C08F10AA-EA7A-41E6-88F0-A257BDC841AB}.Debug|Any CPU.Build.0 = Debug|Any CPU
		{C08F10AA-EA7A-41E6-88F0-A257BDC841AB}.Release|Any CPU.ActiveCfg = Release|Any CPU
		{C08F10AA-EA7A-41E6-88F0-A257BDC841AB}.Release|Any CPU.Build.0 = Release|Any CPU
		{2CA7FD10-B6F7-45D3-88DF-1C26A05F668D}.Debug|Any CPU.ActiveCfg = Debug|Any CPU
		{2CA7FD10-B6F7-45D3-88DF-1C26A05F668D}.Debug|Any CPU.Build.0 = Debug|Any CPU
		{2CA7FD10-B6F7-45D3-88DF-1C26A05F668D}.Release|Any CPU.ActiveCfg = Release|Any CPU
		{2CA7FD10-B6F7-45D3-88DF-1C26A05F668D}.Release|Any CPU.Build.0 = Release|Any CPU
		{C367B0F4-1037-4AEB-8351-5A2629CB5380}.Debug|Any CPU.ActiveCfg = Debug|Any CPU
		{C367B0F4-1037-4AEB-8351-5A2629CB5380}.Debug|Any CPU.Build.0 = Debug|Any CPU
		{C367B0F4-1037-4AEB-8351-5A2629CB5380}.Release|Any CPU.ActiveCfg = Release|Any CPU
		{C367B0F4-1037-4AEB-8351-5A2629CB5380}.Release|Any CPU.Build.0 = Release|Any CPU
		{35AC8C00-276F-4582-A328-650EC07B98C2}.Debug|Any CPU.ActiveCfg = Debug|Any CPU
		{35AC8C00-276F-4582-A328-650EC07B98C2}.Debug|Any CPU.Build.0 = Debug|Any CPU
		{35AC8C00-276F-4582-A328-650EC07B98C2}.Release|Any CPU.ActiveCfg = Release|Any CPU
		{35AC8C00-276F-4582-A328-650EC07B98C2}.Release|Any CPU.Build.0 = Release|Any CPU
		{3A743EBC-CF7A-4E14-B259-8C5A842B63F2}.Debug|Any CPU.ActiveCfg = Debug|Any CPU
		{3A743EBC-CF7A-4E14-B259-8C5A842B63F2}.Debug|Any CPU.Build.0 = Debug|Any CPU
		{3A743EBC-CF7A-4E14-B259-8C5A842B63F2}.Release|Any CPU.ActiveCfg = Release|Any CPU
		{3A743EBC-CF7A-4E14-B259-8C5A842B63F2}.Release|Any CPU.Build.0 = Release|Any CPU
		{FB6BA55A-0B41-4F48-94D2-0B7189A6C24E}.Debug|Any CPU.ActiveCfg = Debug|Any CPU
		{FB6BA55A-0B41-4F48-94D2-0B7189A6C24E}.Debug|Any CPU.Build.0 = Debug|Any CPU
		{FB6BA55A-0B41-4F48-94D2-0B7189A6C24E}.Release|Any CPU.ActiveCfg = Release|Any CPU
		{FB6BA55A-0B41-4F48-94D2-0B7189A6C24E}.Release|Any CPU.Build.0 = Release|Any CPU
		{D308263F-2F3D-4CBA-AD56-DA0066C231DB}.Debug|Any CPU.ActiveCfg = Debug|Any CPU
		{D308263F-2F3D-4CBA-AD56-DA0066C231DB}.Debug|Any CPU.Build.0 = Debug|Any CPU
		{D308263F-2F3D-4CBA-AD56-DA0066C231DB}.Release|Any CPU.ActiveCfg = Release|Any CPU
		{D308263F-2F3D-4CBA-AD56-DA0066C231DB}.Release|Any CPU.Build.0 = Release|Any CPU
		{6792E7FB-1A8B-4932-A62C-548ABDF4E89E}.Debug|Any CPU.ActiveCfg = Debug|Any CPU
		{6792E7FB-1A8B-4932-A62C-548ABDF4E89E}.Debug|Any CPU.Build.0 = Debug|Any CPU
		{6792E7FB-1A8B-4932-A62C-548ABDF4E89E}.Release|Any CPU.ActiveCfg = Release|Any CPU
		{6792E7FB-1A8B-4932-A62C-548ABDF4E89E}.Release|Any CPU.Build.0 = Release|Any CPU
		{CB2BAA0B-DA13-45CA-A3A9-CD574151A2AC}.Debug|Any CPU.ActiveCfg = Debug|Any CPU
		{CB2BAA0B-DA13-45CA-A3A9-CD574151A2AC}.Debug|Any CPU.Build.0 = Debug|Any CPU
		{CB2BAA0B-DA13-45CA-A3A9-CD574151A2AC}.Release|Any CPU.ActiveCfg = Release|Any CPU
		{CB2BAA0B-DA13-45CA-A3A9-CD574151A2AC}.Release|Any CPU.Build.0 = Release|Any CPU
		{9A54B1D3-9116-4D12-AA01-D8535BAD78F5}.Debug|Any CPU.ActiveCfg = Debug|Any CPU
		{9A54B1D3-9116-4D12-AA01-D8535BAD78F5}.Debug|Any CPU.Build.0 = Debug|Any CPU
		{9A54B1D3-9116-4D12-AA01-D8535BAD78F5}.Release|Any CPU.ActiveCfg = Release|Any CPU
		{9A54B1D3-9116-4D12-AA01-D8535BAD78F5}.Release|Any CPU.Build.0 = Release|Any CPU
		{51AC72EB-C750-4083-B8ED-87D54145F14B}.Debug|Any CPU.ActiveCfg = Debug|Any CPU
		{51AC72EB-C750-4083-B8ED-87D54145F14B}.Debug|Any CPU.Build.0 = Debug|Any CPU
		{51AC72EB-C750-4083-B8ED-87D54145F14B}.Release|Any CPU.ActiveCfg = Release|Any CPU
		{51AC72EB-C750-4083-B8ED-87D54145F14B}.Release|Any CPU.Build.0 = Release|Any CPU
		{FA5C1409-4589-4852-8FD0-8C992E35D58C}.Debug|Any CPU.ActiveCfg = Debug|Any CPU
		{FA5C1409-4589-4852-8FD0-8C992E35D58C}.Debug|Any CPU.Build.0 = Debug|Any CPU
		{FA5C1409-4589-4852-8FD0-8C992E35D58C}.Release|Any CPU.ActiveCfg = Release|Any CPU
		{FA5C1409-4589-4852-8FD0-8C992E35D58C}.Release|Any CPU.Build.0 = Release|Any CPU
		{5CD766F7-4981-44B1-8D5E-36DBE31FCE6C}.Debug|Any CPU.ActiveCfg = Debug|Any CPU
		{5CD766F7-4981-44B1-8D5E-36DBE31FCE6C}.Debug|Any CPU.Build.0 = Debug|Any CPU
		{5CD766F7-4981-44B1-8D5E-36DBE31FCE6C}.Release|Any CPU.ActiveCfg = Release|Any CPU
		{5CD766F7-4981-44B1-8D5E-36DBE31FCE6C}.Release|Any CPU.Build.0 = Release|Any CPU
		{8D536C8F-49A2-4CEA-9C2D-C5FDECF04368}.Debug|Any CPU.ActiveCfg = Debug|Any CPU
		{8D536C8F-49A2-4CEA-9C2D-C5FDECF04368}.Debug|Any CPU.Build.0 = Debug|Any CPU
		{8D536C8F-49A2-4CEA-9C2D-C5FDECF04368}.Release|Any CPU.ActiveCfg = Release|Any CPU
		{8D536C8F-49A2-4CEA-9C2D-C5FDECF04368}.Release|Any CPU.Build.0 = Release|Any CPU
		{0A166C52-07AF-40C1-B42A-ABBEECABA041}.Debug|Any CPU.ActiveCfg = Debug|Any CPU
		{0A166C52-07AF-40C1-B42A-ABBEECABA041}.Debug|Any CPU.Build.0 = Debug|Any CPU
		{0A166C52-07AF-40C1-B42A-ABBEECABA041}.Release|Any CPU.ActiveCfg = Release|Any CPU
		{0A166C52-07AF-40C1-B42A-ABBEECABA041}.Release|Any CPU.Build.0 = Release|Any CPU
		{31DBBBB0-B79C-4A9B-82EB-EE43F712AF9F}.Debug|Any CPU.ActiveCfg = Debug|Any CPU
		{31DBBBB0-B79C-4A9B-82EB-EE43F712AF9F}.Debug|Any CPU.Build.0 = Debug|Any CPU
		{31DBBBB0-B79C-4A9B-82EB-EE43F712AF9F}.Release|Any CPU.ActiveCfg = Release|Any CPU
		{31DBBBB0-B79C-4A9B-82EB-EE43F712AF9F}.Release|Any CPU.Build.0 = Release|Any CPU
		{3ABADE2F-F541-422E-A760-C9E4E58D39E7}.Debug|Any CPU.ActiveCfg = Debug|Any CPU
		{3ABADE2F-F541-422E-A760-C9E4E58D39E7}.Debug|Any CPU.Build.0 = Debug|Any CPU
		{3ABADE2F-F541-422E-A760-C9E4E58D39E7}.Release|Any CPU.ActiveCfg = Release|Any CPU
		{3ABADE2F-F541-422E-A760-C9E4E58D39E7}.Release|Any CPU.Build.0 = Release|Any CPU
		{22295133-5602-4E12-B99F-77ECCE3C7CF7}.Debug|Any CPU.ActiveCfg = Debug|Any CPU
		{22295133-5602-4E12-B99F-77ECCE3C7CF7}.Debug|Any CPU.Build.0 = Debug|Any CPU
		{22295133-5602-4E12-B99F-77ECCE3C7CF7}.Release|Any CPU.ActiveCfg = Release|Any CPU
		{22295133-5602-4E12-B99F-77ECCE3C7CF7}.Release|Any CPU.Build.0 = Release|Any CPU
		{B5A45ED9-23D6-4273-A21C-908B85EE5BA6}.Debug|Any CPU.ActiveCfg = Debug|Any CPU
		{B5A45ED9-23D6-4273-A21C-908B85EE5BA6}.Debug|Any CPU.Build.0 = Debug|Any CPU
		{B5A45ED9-23D6-4273-A21C-908B85EE5BA6}.Release|Any CPU.ActiveCfg = Release|Any CPU
		{B5A45ED9-23D6-4273-A21C-908B85EE5BA6}.Release|Any CPU.Build.0 = Release|Any CPU
	EndGlobalSection
	GlobalSection(SolutionProperties) = preSolution
		HideSolutionNode = FALSE
	EndGlobalSection
EndGlobal
